
Microsoft Visual Studio Solution File, Format Version 12.00
# Visual Studio Version 17
VisualStudioVersion = 17.11.35312.102
MinimumVisualStudioVersion = 10.0.40219.1
Project("{2150E333-8FDC-42A3-9474-1A3956D46DE8}") = "Task0", "Task0", "{D9001866-E772-47FB-B84E-8688D673CD5C}"
EndProject
Project("{9A19103F-16F7-4668-BE54-9A1E7A4F7556}") = "Tyuiu.ZhuriloNA.Sprint2.Task0.V5", "Tyuiu.ZhuriloNA.Sprint2.Task0.V5\Tyuiu.ZhuriloNA.Sprint2.Task0.V5.csproj", "{2DBCB7FA-E076-4492-96DC-0C9BB17726C2}"
EndProject
Project("{9A19103F-16F7-4668-BE54-9A1E7A4F7556}") = "Tyuiu.ZhuriloNA.Sprint2.Task0.V5.Lib", "Tyuiu.ZhuriloNA.Sprint2.Task0.V5.Lib\Tyuiu.ZhuriloNA.Sprint2.Task0.V5.Lib.csproj", "{92005C34-6FF0-4255-BE86-D9FF0CEF99F2}"
EndProject
Project("{9A19103F-16F7-4668-BE54-9A1E7A4F7556}") = "Tyuiu.ZhuriloNA.Sprint2.Task0.V5.Test", "Tyuiu.ZhuriloNA.Sprint2.Task0.V5.Test\Tyuiu.ZhuriloNA.Sprint2.Task0.V5.Test.csproj", "{A067A013-32B4-451A-B0E3-6B3CDF03D924}"
EndProject
Project("{2150E333-8FDC-42A3-9474-1A3956D46DE8}") = "Task1", "Task1", "{0F6A4D79-97A7-4F27-A14B-F447695F210D}"
EndProject
Project("{9A19103F-16F7-4668-BE54-9A1E7A4F7556}") = "Tyuiu.ZhuriloNA.Sprint2.Task1.V18", "Tyuiu.ZhuriloNA.Sprint2.Task1.V18\Tyuiu.ZhuriloNA.Sprint2.Task1.V18.csproj", "{8EA4DD8E-B0C8-465C-AE72-F951EE254355}"
EndProject
Project("{9A19103F-16F7-4668-BE54-9A1E7A4F7556}") = "Tyuiu.ZhuriloNA.Sprint2.Task1.V18.Lib", "Tyuiu.ZhuriloNA.Sprint2.Task1.V18.Lib\Tyuiu.ZhuriloNA.Sprint2.Task1.V18.Lib.csproj", "{87F62B27-DE0A-46C1-8A9D-D61C3EF474DE}"
EndProject
Project("{9A19103F-16F7-4668-BE54-9A1E7A4F7556}") = "Tyuiu.ZhuriloNA.Sprint2.Task1.V18.Test", "Tyuiu.ZhuriloNA.Sprint2.Task1.V18.Test\Tyuiu.ZhuriloNA.Sprint2.Task1.V18.Test.csproj", "{91A9E4B2-EBBE-419D-8C43-BD1CD492F759}"
EndProject
Project("{2150E333-8FDC-42A3-9474-1A3956D46DE8}") = "Task2", "Task2", "{62974ADA-2E94-4F3D-BE63-E4EBBB71608D}"
EndProject
Project("{FAE04EC0-301F-11D3-BF4B-00C04F79EFBC}") = "Tyuiu.ZhuriloNA.Sprint2.Task2.V13", "Tyuiu.ZhuriloNA.Sprint2.Task2.V13\Tyuiu.ZhuriloNA.Sprint2.Task2.V13.csproj", "{51797FAF-9085-4DC5-85FB-C5A9F231FD6A}"
EndProject
Project("{FAE04EC0-301F-11D3-BF4B-00C04F79EFBC}") = "Tyuiu.ZhuriloNA.Sprint2.Task2.V13.Lib", "Tyuiu.ZhuriloNA.Sprint2.Task2.V13.Lib\Tyuiu.ZhuriloNA.Sprint2.Task2.V13.Lib.csproj", "{1F3DB8C1-2B99-4DC2-BCFB-96FF869D660F}"
EndProject
Project("{FAE04EC0-301F-11D3-BF4B-00C04F79EFBC}") = "Tyuiu.ZhuriloNA.Sprint2.Task2.V13.Test", "Tyuiu.ZhuriloNA.Sprint2.Task2.V13.Test\Tyuiu.ZhuriloNA.Sprint2.Task2.V13.Test.csproj", "{7BBFD633-F522-4AEC-BD36-EF52A0B024D1}"
EndProject
Project("{2150E333-8FDC-42A3-9474-1A3956D46DE8}") = "Task3", "Task3", "{A38BEFA8-96B9-413D-B506-B64FACE1C6FF}"
EndProject
Project("{FAE04EC0-301F-11D3-BF4B-00C04F79EFBC}") = "Tyuiu.ZhuriloNA.Sprint2.Task3.V10", "Tyuiu.ZhuriloNA.Sprint2.Task3.V10\Tyuiu.ZhuriloNA.Sprint2.Task3.V10.csproj", "{DBD037DC-C4BD-47AF-B6BD-2DB3D4E4DAA7}"
EndProject
Project("{FAE04EC0-301F-11D3-BF4B-00C04F79EFBC}") = "Tyuiu.ZhuriloNA.Sprint2.Task3.V10.Lib", "Tyuiu.ZhuriloNA.Sprint2.Task3.V10.Lib\Tyuiu.ZhuriloNA.Sprint2.Task3.V10.Lib.csproj", "{34FBAFAC-7A58-4342-8B14-0152677D244F}"
EndProject
Project("{FAE04EC0-301F-11D3-BF4B-00C04F79EFBC}") = "Tyuiu.ZhuriloNA.Sprint2.Task3.V10.Test", "Tyuiu.ZhuriloNA.Sprint2.Task3.V10.Test\Tyuiu.ZhuriloNA.Sprint2.Task3.V10.Test.csproj", "{CA22B56B-FD55-4BF8-81B9-B23B01CBECD8}"
EndProject
Global
	GlobalSection(SolutionConfigurationPlatforms) = preSolution
		Debug|Any CPU = Debug|Any CPU
		Release|Any CPU = Release|Any CPU
	EndGlobalSection
	GlobalSection(ProjectConfigurationPlatforms) = postSolution
		{2DBCB7FA-E076-4492-96DC-0C9BB17726C2}.Debug|Any CPU.ActiveCfg = Debug|Any CPU
		{2DBCB7FA-E076-4492-96DC-0C9BB17726C2}.Debug|Any CPU.Build.0 = Debug|Any CPU
		{2DBCB7FA-E076-4492-96DC-0C9BB17726C2}.Release|Any CPU.ActiveCfg = Release|Any CPU
		{2DBCB7FA-E076-4492-96DC-0C9BB17726C2}.Release|Any CPU.Build.0 = Release|Any CPU
		{92005C34-6FF0-4255-BE86-D9FF0CEF99F2}.Debug|Any CPU.ActiveCfg = Debug|Any CPU
		{92005C34-6FF0-4255-BE86-D9FF0CEF99F2}.Debug|Any CPU.Build.0 = Debug|Any CPU
		{92005C34-6FF0-4255-BE86-D9FF0CEF99F2}.Release|Any CPU.ActiveCfg = Release|Any CPU
		{92005C34-6FF0-4255-BE86-D9FF0CEF99F2}.Release|Any CPU.Build.0 = Release|Any CPU
		{A067A013-32B4-451A-B0E3-6B3CDF03D924}.Debug|Any CPU.ActiveCfg = Debug|Any CPU
		{A067A013-32B4-451A-B0E3-6B3CDF03D924}.Debug|Any CPU.Build.0 = Debug|Any CPU
		{A067A013-32B4-451A-B0E3-6B3CDF03D924}.Release|Any CPU.ActiveCfg = Release|Any CPU
		{A067A013-32B4-451A-B0E3-6B3CDF03D924}.Release|Any CPU.Build.0 = Release|Any CPU
		{8EA4DD8E-B0C8-465C-AE72-F951EE254355}.Debug|Any CPU.ActiveCfg = Debug|Any CPU
		{8EA4DD8E-B0C8-465C-AE72-F951EE254355}.Debug|Any CPU.Build.0 = Debug|Any CPU
		{8EA4DD8E-B0C8-465C-AE72-F951EE254355}.Release|Any CPU.ActiveCfg = Release|Any CPU
		{8EA4DD8E-B0C8-465C-AE72-F951EE254355}.Release|Any CPU.Build.0 = Release|Any CPU
		{87F62B27-DE0A-46C1-8A9D-D61C3EF474DE}.Debug|Any CPU.ActiveCfg = Debug|Any CPU
		{87F62B27-DE0A-46C1-8A9D-D61C3EF474DE}.Debug|Any CPU.Build.0 = Debug|Any CPU
		{87F62B27-DE0A-46C1-8A9D-D61C3EF474DE}.Release|Any CPU.ActiveCfg = Release|Any CPU
		{87F62B27-DE0A-46C1-8A9D-D61C3EF474DE}.Release|Any CPU.Build.0 = Release|Any CPU
		{91A9E4B2-EBBE-419D-8C43-BD1CD492F759}.Debug|Any CPU.ActiveCfg = Debug|Any CPU
		{91A9E4B2-EBBE-419D-8C43-BD1CD492F759}.Debug|Any CPU.Build.0 = Debug|Any CPU
		{91A9E4B2-EBBE-419D-8C43-BD1CD492F759}.Release|Any CPU.ActiveCfg = Release|Any CPU
		{91A9E4B2-EBBE-419D-8C43-BD1CD492F759}.Release|Any CPU.Build.0 = Release|Any CPU
		{51797FAF-9085-4DC5-85FB-C5A9F231FD6A}.Debug|Any CPU.ActiveCfg = Debug|Any CPU
		{51797FAF-9085-4DC5-85FB-C5A9F231FD6A}.Debug|Any CPU.Build.0 = Debug|Any CPU
		{51797FAF-9085-4DC5-85FB-C5A9F231FD6A}.Release|Any CPU.ActiveCfg = Release|Any CPU
		{51797FAF-9085-4DC5-85FB-C5A9F231FD6A}.Release|Any CPU.Build.0 = Release|Any CPU
		{1F3DB8C1-2B99-4DC2-BCFB-96FF869D660F}.Debug|Any CPU.ActiveCfg = Debug|Any CPU
		{1F3DB8C1-2B99-4DC2-BCFB-96FF869D660F}.Debug|Any CPU.Build.0 = Debug|Any CPU
		{1F3DB8C1-2B99-4DC2-BCFB-96FF869D660F}.Release|Any CPU.ActiveCfg = Release|Any CPU
		{1F3DB8C1-2B99-4DC2-BCFB-96FF869D660F}.Release|Any CPU.Build.0 = Release|Any CPU
		{7BBFD633-F522-4AEC-BD36-EF52A0B024D1}.Debug|Any CPU.ActiveCfg = Debug|Any CPU
		{7BBFD633-F522-4AEC-BD36-EF52A0B024D1}.Debug|Any CPU.Build.0 = Debug|Any CPU
		{7BBFD633-F522-4AEC-BD36-EF52A0B024D1}.Release|Any CPU.ActiveCfg = Release|Any CPU
		{7BBFD633-F522-4AEC-BD36-EF52A0B024D1}.Release|Any CPU.Build.0 = Release|Any CPU
		{DBD037DC-C4BD-47AF-B6BD-2DB3D4E4DAA7}.Debug|Any CPU.ActiveCfg = Debug|Any CPU
		{DBD037DC-C4BD-47AF-B6BD-2DB3D4E4DAA7}.Debug|Any CPU.Build.0 = Debug|Any CPU
		{DBD037DC-C4BD-47AF-B6BD-2DB3D4E4DAA7}.Release|Any CPU.ActiveCfg = Release|Any CPU
		{DBD037DC-C4BD-47AF-B6BD-2DB3D4E4DAA7}.Release|Any CPU.Build.0 = Release|Any CPU
		{34FBAFAC-7A58-4342-8B14-0152677D244F}.Debug|Any CPU.ActiveCfg = Debug|Any CPU
		{34FBAFAC-7A58-4342-8B14-0152677D244F}.Debug|Any CPU.Build.0 = Debug|Any CPU
		{34FBAFAC-7A58-4342-8B14-0152677D244F}.Release|Any CPU.ActiveCfg = Release|Any CPU
		{34FBAFAC-7A58-4342-8B14-0152677D244F}.Release|Any CPU.Build.0 = Release|Any CPU
		{CA22B56B-FD55-4BF8-81B9-B23B01CBECD8}.Debug|Any CPU.ActiveCfg = Debug|Any CPU
		{CA22B56B-FD55-4BF8-81B9-B23B01CBECD8}.Debug|Any CPU.Build.0 = Debug|Any CPU
		{CA22B56B-FD55-4BF8-81B9-B23B01CBECD8}.Release|Any CPU.ActiveCfg = Release|Any CPU
		{CA22B56B-FD55-4BF8-81B9-B23B01CBECD8}.Release|Any CPU.Build.0 = Release|Any CPU
	EndGlobalSection
	GlobalSection(SolutionProperties) = preSolution
		HideSolutionNode = FALSE
	EndGlobalSection
	GlobalSection(NestedProjects) = preSolution
		{2DBCB7FA-E076-4492-96DC-0C9BB17726C2} = {D9001866-E772-47FB-B84E-8688D673CD5C}
		{92005C34-6FF0-4255-BE86-D9FF0CEF99F2} = {D9001866-E772-47FB-B84E-8688D673CD5C}
		{A067A013-32B4-451A-B0E3-6B3CDF03D924} = {D9001866-E772-47FB-B84E-8688D673CD5C}
		{8EA4DD8E-B0C8-465C-AE72-F951EE254355} = {0F6A4D79-97A7-4F27-A14B-F447695F210D}
		{87F62B27-DE0A-46C1-8A9D-D61C3EF474DE} = {0F6A4D79-97A7-4F27-A14B-F447695F210D}
		{91A9E4B2-EBBE-419D-8C43-BD1CD492F759} = {0F6A4D79-97A7-4F27-A14B-F447695F210D}
		{51797FAF-9085-4DC5-85FB-C5A9F231FD6A} = {62974ADA-2E94-4F3D-BE63-E4EBBB71608D}
		{1F3DB8C1-2B99-4DC2-BCFB-96FF869D660F} = {62974ADA-2E94-4F3D-BE63-E4EBBB71608D}
		{7BBFD633-F522-4AEC-BD36-EF52A0B024D1} = {62974ADA-2E94-4F3D-BE63-E4EBBB71608D}
		{DBD037DC-C4BD-47AF-B6BD-2DB3D4E4DAA7} = {A38BEFA8-96B9-413D-B506-B64FACE1C6FF}
		{34FBAFAC-7A58-4342-8B14-0152677D244F} = {A38BEFA8-96B9-413D-B506-B64FACE1C6FF}
		{CA22B56B-FD55-4BF8-81B9-B23B01CBECD8} = {A38BEFA8-96B9-413D-B506-B64FACE1C6FF}
	EndGlobalSection
	GlobalSection(ExtensibilityGlobals) = postSolution
		SolutionGuid = {AE82EDEA-1285-41C4-B80F-5356F9ABD944}
	EndGlobalSection
EndGlobal
